{
  "name": "F-Tool-main",
  "lockfileVersion": 2,
  "requires": true,
  "packages": {
    "": {
      "dependencies": {
        "fake-useragent": "^1.0.1"
      }
    },
    "node_modules/fake-useragent": {
      "version": "1.0.1",
      "resolved": "https://registry.npmjs.org/fake-useragent/-/fake-useragent-1.0.1.tgz",
      "integrity": "sha512-BOQh1TM//DhrVaeZ+b3w3s4E40rfYcDTn5aoSM2w1xVsZVGglNOzPR5H8KDO8NmF8sT4ppxyb4/MHGIHfZsVDA=="
    }
  },
  "dependencies": {
    "fake-useragent": {
      "version": "1.0.1",
      "resolved": "https://registry.npmjs.org/fake-useragent/-/fake-useragent-1.0.1.tgz",
      "integrity": "sha512-BOQh1TM//DhrVaeZ+b3w3s4E40rfYcDTn5aoSM2w1xVsZVGglNOzPR5H8KDO8NmF8sT4ppxyb4/MHGIHfZsVDA=="
    }
  }
}
